
Microsoft Visual Studio Solution File, Format Version 12.00
# Visual Studio Version 17
VisualStudioVersion = 17.14.36408.4
MinimumVisualStudioVersion = 10.0.40219.1
Project("{FAE04EC0-301F-11D3-BF4B-00C04F79EFBC}") = "EdgeRewardsSearcher", "EdgeRewardsSearcher\EdgeRewardsSearcher.csproj", "{FD51BA94-9504-4EE1-97B7-DDBE128E4E49}"
EndProject
Global
	GlobalSection(SolutionConfigurationPlatforms) = preSolution
		Debug|Any CPU = Debug|Any CPU
		Release|Any CPU = Release|Any CPU
	EndGlobalSection
	GlobalSection(ProjectConfigurationPlatforms) = postSolution
		{FD51BA94-9504-4EE1-97B7-DDBE128E4E49}.Debug|Any CPU.ActiveCfg = Debug|Any CPU
		{FD51BA94-9504-4EE1-97B7-DDBE128E4E49}.Debug|Any CPU.Build.0 = Debug|Any CPU
		{FD51BA94-9504-4EE1-97B7-DDBE128E4E49}.Release|Any CPU.ActiveCfg = Release|Any CPU
		{FD51BA94-9504-4EE1-97B7-DDBE128E4E49}.Release|Any CPU.Build.0 = Release|Any CPU
	EndGlobalSection
	GlobalSection(SolutionProperties) = preSolution
		HideSolutionNode = FALSE
	EndGlobalSection
	GlobalSection(ExtensibilityGlobals) = postSolution
		SolutionGuid = {78F68C6A-E460-463F-8421-DD97A36C483F}
	EndGlobalSection
EndGlobal
